
Microsoft Visual Studio Solution File, Format Version 12.00
# Visual Studio Version 17
VisualStudioVersion = 17.0.31903.59
MinimumVisualStudioVersion = 10.0.40219.1
Project("{FAE04EC0-301F-11D3-BF4B-00C04F79EFBC}") = "Project-Team-One.Api", "Project-Team-One.Api\Project-Team-One.Api.csproj", "{57682E30-942F-44C0-86F5-E4F60BF32D15}"
EndProject
Project("{FAE04EC0-301F-11D3-BF4B-00C04F79EFBC}") = "Project-Team-One.Domain", "Project-Team-One.Domain\Project-Team-One.Domain.csproj", "{26504097-64AD-4BFA-9D8A-8DBB50B8250E}"
EndProject
Project("{FAE04EC0-301F-11D3-BF4B-00C04F79EFBC}") = "Project-Team-One.Data", "Project-Team-One.Data\Project-Team-One.Data.csproj", "{B8AF12F1-9DB3-4D6B-8FB5-8556312EB94B}"
EndProject
Global
	GlobalSection(SolutionConfigurationPlatforms) = preSolution
		Debug|Any CPU = Debug|Any CPU
		Release|Any CPU = Release|Any CPU
	EndGlobalSection
	GlobalSection(SolutionProperties) = preSolution
		HideSolutionNode = FALSE
	EndGlobalSection
	GlobalSection(ProjectConfigurationPlatforms) = postSolution
		{57682E30-942F-44C0-86F5-E4F60BF32D15}.Debug|Any CPU.ActiveCfg = Debug|Any CPU
		{57682E30-942F-44C0-86F5-E4F60BF32D15}.Debug|Any CPU.Build.0 = Debug|Any CPU
		{57682E30-942F-44C0-86F5-E4F60BF32D15}.Release|Any CPU.ActiveCfg = Release|Any CPU
		{57682E30-942F-44C0-86F5-E4F60BF32D15}.Release|Any CPU.Build.0 = Release|Any CPU
		{26504097-64AD-4BFA-9D8A-8DBB50B8250E}.Debug|Any CPU.ActiveCfg = Debug|Any CPU
		{26504097-64AD-4BFA-9D8A-8DBB50B8250E}.Debug|Any CPU.Build.0 = Debug|Any CPU
		{26504097-64AD-4BFA-9D8A-8DBB50B8250E}.Release|Any CPU.ActiveCfg = Release|Any CPU
		{26504097-64AD-4BFA-9D8A-8DBB50B8250E}.Release|Any CPU.Build.0 = Release|Any CPU
		{B8AF12F1-9DB3-4D6B-8FB5-8556312EB94B}.Debug|Any CPU.ActiveCfg = Debug|Any CPU
		{B8AF12F1-9DB3-4D6B-8FB5-8556312EB94B}.Debug|Any CPU.Build.0 = Debug|Any CPU
		{B8AF12F1-9DB3-4D6B-8FB5-8556312EB94B}.Release|Any CPU.ActiveCfg = Release|Any CPU
		{B8AF12F1-9DB3-4D6B-8FB5-8556312EB94B}.Release|Any CPU.Build.0 = Release|Any CPU
	EndGlobalSection
EndGlobal
